
Microsoft Visual Studio Solution File, Format Version 12.00
# Visual Studio Version 17
VisualStudioVersion = 17.7.34024.191
MinimumVisualStudioVersion = 10.0.40219.1
Project("{FAE04EC0-301F-11D3-BF4B-00C04F79EFBC}") = "DESAFIO WINDOWS FORMS", "DESAFIO WINDOWS FORMS\DESAFIO WINDOWS FORMS.csproj", "{CE48E7A5-687E-4382-B283-EAFF920DF807}"
EndProject
Global
	GlobalSection(SolutionConfigurationPlatforms) = preSolution
		Debug|Any CPU = Debug|Any CPU
		Release|Any CPU = Release|Any CPU
	EndGlobalSection
	GlobalSection(ProjectConfigurationPlatforms) = postSolution
		{CE48E7A5-687E-4382-B283-EAFF920DF807}.Debug|Any CPU.ActiveCfg = Debug|Any CPU
		{CE48E7A5-687E-4382-B283-EAFF920DF807}.Debug|Any CPU.Build.0 = Debug|Any CPU
		{CE48E7A5-687E-4382-B283-EAFF920DF807}.Release|Any CPU.ActiveCfg = Release|Any CPU
		{CE48E7A5-687E-4382-B283-EAFF920DF807}.Release|Any CPU.Build.0 = Release|Any CPU
	EndGlobalSection
	GlobalSection(SolutionProperties) = preSolution
		HideSolutionNode = FALSE
	EndGlobalSection
	GlobalSection(ExtensibilityGlobals) = postSolution
		SolutionGuid = {A6191C54-76EA-48CD-9264-C3ADE5511E23}
	EndGlobalSection
EndGlobal
